
Microsoft Visual Studio Solution File, Format Version 12.00
# Visual Studio Version 17
VisualStudioVersion = 17.14.36623.8
MinimumVisualStudioVersion = 10.0.40219.1
Project("{FAE04EC0-301F-11D3-BF4B-00C04F79EFBC}") = "IPCSoftware.App", "IPCSoftware.app\IPCSoftware.App.csproj", "{08DEEAC2-5392-4AC4-BF59-EA07BDAB6AC5}"
EndProject
Project("{FAE04EC0-301F-11D3-BF4B-00C04F79EFBC}") = "IPCSoftware.Shared", "IPCSoftware.Shared\IPCSoftware.Shared.csproj", "{0A6697CB-4FFE-4D2D-83D2-85D7C5F5C1EB}"
EndProject
Project("{FAE04EC0-301F-11D3-BF4B-00C04F79EFBC}") = "IPCSoftware.Services", "IPCSoftware.Services\IPCSoftware.Services.csproj", "{46A7E561-3558-40F6-AE68-F939B24954C5}"
EndProject
Project("{FAE04EC0-301F-11D3-BF4B-00C04F79EFBC}") = "IPCSoftware.DataLogger", "IPCSoftware.DataLogger\IPCSoftware.DataLogger.csproj", "{A4F1F277-BF18-4E3B-B6C0-5D3824C00F7F}"
EndProject
Project("{FAE04EC0-301F-11D3-BF4B-00C04F79EFBC}") = "IPCSoftware.FileManager", "IPCSoftware.FileManager\IPCSoftware.FileManager.csproj", "{B799E55D-E20F-4286-908C-631140A6B278}"
EndProject
Project("{FAE04EC0-301F-11D3-BF4B-00C04F79EFBC}") = "IPCSoftware.Helpers", "IPCSoftware.Helpers\IPCSoftware.Helpers.csproj", "{4F3D1AA9-7FB7-4865-85CC-987B700BB41A}"
EndProject
Project("{FAE04EC0-301F-11D3-BF4B-00C04F79EFBC}") = "IPCSoftware.Core", "IPCSoftware.Core\IPCSoftware.Core.csproj", "{2F5A4955-4437-4F66-8F13-5AA3CAF37190}"
EndProject
Project("{FAE04EC0-301F-11D3-BF4B-00C04F79EFBC}") = "IPCSoftware.AppLogger", "IPCSoftware.AppLogger\IPCSoftware.AppLogger.csproj", "{ACD0DB9D-FBE5-427F-ACCC-E6BC3151404B}"
EndProject
Project("{FAE04EC0-301F-11D3-BF4B-00C04F79EFBC}") = "IPCSoftware.CoreService", "IPCSoftware.CoreService\IPCSoftware.CoreService.csproj", "{2971B56E-5800-44B4-9A68-BDF0CD17FD86}"
EndProject
Global
	GlobalSection(SolutionConfigurationPlatforms) = preSolution
		Debug|Any CPU = Debug|Any CPU
		Release|Any CPU = Release|Any CPU
	EndGlobalSection
	GlobalSection(ProjectConfigurationPlatforms) = postSolution
		{08DEEAC2-5392-4AC4-BF59-EA07BDAB6AC5}.Debug|Any CPU.ActiveCfg = Debug|Any CPU
		{08DEEAC2-5392-4AC4-BF59-EA07BDAB6AC5}.Debug|Any CPU.Build.0 = Debug|Any CPU
		{08DEEAC2-5392-4AC4-BF59-EA07BDAB6AC5}.Release|Any CPU.ActiveCfg = Release|Any CPU
		{08DEEAC2-5392-4AC4-BF59-EA07BDAB6AC5}.Release|Any CPU.Build.0 = Release|Any CPU
		{0A6697CB-4FFE-4D2D-83D2-85D7C5F5C1EB}.Debug|Any CPU.ActiveCfg = Debug|Any CPU
		{0A6697CB-4FFE-4D2D-83D2-85D7C5F5C1EB}.Debug|Any CPU.Build.0 = Debug|Any CPU
		{0A6697CB-4FFE-4D2D-83D2-85D7C5F5C1EB}.Release|Any CPU.ActiveCfg = Release|Any CPU
		{0A6697CB-4FFE-4D2D-83D2-85D7C5F5C1EB}.Release|Any CPU.Build.0 = Release|Any CPU
		{46A7E561-3558-40F6-AE68-F939B24954C5}.Debug|Any CPU.ActiveCfg = Debug|Any CPU
		{46A7E561-3558-40F6-AE68-F939B24954C5}.Debug|Any CPU.Build.0 = Debug|Any CPU
		{46A7E561-3558-40F6-AE68-F939B24954C5}.Release|Any CPU.ActiveCfg = Release|Any CPU
		{46A7E561-3558-40F6-AE68-F939B24954C5}.Release|Any CPU.Build.0 = Release|Any CPU
		{A4F1F277-BF18-4E3B-B6C0-5D3824C00F7F}.Debug|Any CPU.ActiveCfg = Debug|Any CPU
		{A4F1F277-BF18-4E3B-B6C0-5D3824C00F7F}.Debug|Any CPU.Build.0 = Debug|Any CPU
		{A4F1F277-BF18-4E3B-B6C0-5D3824C00F7F}.Release|Any CPU.ActiveCfg = Release|Any CPU
		{A4F1F277-BF18-4E3B-B6C0-5D3824C00F7F}.Release|Any CPU.Build.0 = Release|Any CPU
		{B799E55D-E20F-4286-908C-631140A6B278}.Debug|Any CPU.ActiveCfg = Debug|Any CPU
		{B799E55D-E20F-4286-908C-631140A6B278}.Debug|Any CPU.Build.0 = Debug|Any CPU
		{B799E55D-E20F-4286-908C-631140A6B278}.Release|Any CPU.ActiveCfg = Release|Any CPU
		{B799E55D-E20F-4286-908C-631140A6B278}.Release|Any CPU.Build.0 = Release|Any CPU
		{4F3D1AA9-7FB7-4865-85CC-987B700BB41A}.Debug|Any CPU.ActiveCfg = Debug|Any CPU
		{4F3D1AA9-7FB7-4865-85CC-987B700BB41A}.Debug|Any CPU.Build.0 = Debug|Any CPU
		{4F3D1AA9-7FB7-4865-85CC-987B700BB41A}.Release|Any CPU.ActiveCfg = Release|Any CPU
		{4F3D1AA9-7FB7-4865-85CC-987B700BB41A}.Release|Any CPU.Build.0 = Release|Any CPU
		{2F5A4955-4437-4F66-8F13-5AA3CAF37190}.Debug|Any CPU.ActiveCfg = Debug|Any CPU
		{2F5A4955-4437-4F66-8F13-5AA3CAF37190}.Debug|Any CPU.Build.0 = Debug|Any CPU
		{2F5A4955-4437-4F66-8F13-5AA3CAF37190}.Release|Any CPU.ActiveCfg = Release|Any CPU
		{2F5A4955-4437-4F66-8F13-5AA3CAF37190}.Release|Any CPU.Build.0 = Release|Any CPU
		{ACD0DB9D-FBE5-427F-ACCC-E6BC3151404B}.Debug|Any CPU.ActiveCfg = Debug|Any CPU
		{ACD0DB9D-FBE5-427F-ACCC-E6BC3151404B}.Debug|Any CPU.Build.0 = Debug|Any CPU
		{ACD0DB9D-FBE5-427F-ACCC-E6BC3151404B}.Release|Any CPU.ActiveCfg = Release|Any CPU
		{ACD0DB9D-FBE5-427F-ACCC-E6BC3151404B}.Release|Any CPU.Build.0 = Release|Any CPU
		{2971B56E-5800-44B4-9A68-BDF0CD17FD86}.Debug|Any CPU.ActiveCfg = Debug|Any CPU
		{2971B56E-5800-44B4-9A68-BDF0CD17FD86}.Debug|Any CPU.Build.0 = Debug|Any CPU
		{2971B56E-5800-44B4-9A68-BDF0CD17FD86}.Release|Any CPU.ActiveCfg = Release|Any CPU
		{2971B56E-5800-44B4-9A68-BDF0CD17FD86}.Release|Any CPU.Build.0 = Release|Any CPU
	EndGlobalSection
	GlobalSection(SolutionProperties) = preSolution
		HideSolutionNode = FALSE
	EndGlobalSection
	GlobalSection(ExtensibilityGlobals) = postSolution
		SolutionGuid = {C9E977CD-E38D-4E3B-9F4C-9216AA56F0DE}
	EndGlobalSection
EndGlobal
