
Microsoft Visual Studio Solution File, Format Version 12.00
# Visual Studio Version 17
VisualStudioVersion = 17.14.36623.8
MinimumVisualStudioVersion = 10.0.40219.1
Project("{FAE04EC0-301F-11D3-BF4B-00C04F79EFBC}") = "IPCSoftware.App.AOI", "IPCSoftware.app\IPCSoftware.App.AOI.csproj", "{08DEEAC2-5392-4AC4-BF59-EA07BDAB6AC5}"
EndProject
Project("{FAE04EC0-301F-11D3-BF4B-00C04F79EFBC}") = "IPCSoftware.Shared", "IPCSoftware.Shared\IPCSoftware.Shared.csproj", "{0A6697CB-4FFE-4D2D-83D2-85D7C5F5C1EB}"
EndProject
Project("{FAE04EC0-301F-11D3-BF4B-00C04F79EFBC}") = "IPCSoftware.Services", "IPCSoftware.Services\IPCSoftware.Services.csproj", "{46A7E561-3558-40F6-AE68-F939B24954C5}"
EndProject
Project("{FAE04EC0-301F-11D3-BF4B-00C04F79EFBC}") = "IPCSoftware.DataLogger", "IPCSoftware.DataLogger\IPCSoftware.DataLogger.csproj", "{A4F1F277-BF18-4E3B-B6C0-5D3824C00F7F}"
EndProject
Project("{FAE04EC0-301F-11D3-BF4B-00C04F79EFBC}") = "IPCSoftware.Core", "IPCSoftware.Core\IPCSoftware.Core.csproj", "{2F5A4955-4437-4F66-8F13-5AA3CAF37190}"
EndProject
Project("{FAE04EC0-301F-11D3-BF4B-00C04F79EFBC}") = "IPCSoftware.CoreService.AOI", "IPCSoftware.CoreService\IPCSoftware.CoreService.AOI.csproj", "{2971B56E-5800-44B4-9A68-BDF0CD17FD86}"
EndProject
Project("{FAE04EC0-301F-11D3-BF4B-00C04F79EFBC}") = "IPCSoftware.UI.CommonViews", "IPCSoftware.UI.CommonViews\IPCSoftware.UI.CommonViews.csproj", "{DECF8D79-CDE8-424C-B621-720173EF6329}"
EndProject
Project("{FAE04EC0-301F-11D3-BF4B-00C04F79EFBC}") = "IPCSoftware.UI.Themes", "IPCSoftware.UI.Themes\IPCSoftware.UI.Themes.csproj", "{85B8BEFD-9F4E-4B69-84C1-F5F8EDF9578C}"
EndProject
Project("{FAE04EC0-301F-11D3-BF4B-00C04F79EFBC}") = "IPCSoftware.Communication.UIClientComm", "IPCSoftware.Communication.UIClientComm\IPCSoftware.Communication.UIClientComm.csproj", "{AB305254-0749-42CE-8CC3-0B881607761E}"
EndProject
Project("{FAE04EC0-301F-11D3-BF4B-00C04F79EFBC}") = "IPCSoftware.WPFExtensions", "IPCSoftware.WPFExtensions\IPCSoftware.WPFExtensions.csproj", "{222960BB-AE3B-47D4-B360-A94C3CF27CDE}"
EndProject
Project("{FAE04EC0-301F-11D3-BF4B-00C04F79EFBC}") = "IPCSoftware.CommonExtensions", "IPCSoftware.CommonExtensions\IPCSoftware.CommonExtensions.csproj", "{740738FF-93E2-4104-B3BF-B6413806001D}"
EndProject
Project("{FAE04EC0-301F-11D3-BF4B-00C04F79EFBC}") = "IPCSoftware.Visuals", "IPCSoftware.Visuals\IPCSoftware.Visuals.csproj", "{F24060FB-E9C7-4229-A7FD-B5EA58B413F3}"
EndProject
Project("{FAE04EC0-301F-11D3-BF4B-00C04F79EFBC}") = "IPCSoftware.Communication.Common", "IPCSoftware.Communication.Common\IPCSoftware.Communication.Common.csproj", "{25DD4939-CEF5-486E-8544-392AFF4555D4}"
EndProject
Project("{FAE04EC0-301F-11D3-BF4B-00C04F79EFBC}") = "IPCSoftware.Communication.External", "IPCSoftware.Communication.External\IPCSoftware.Communication.External.csproj", "{DF7DD76B-8AC1-4CFB-A484-F2858EEC3E99}"
EndProject
Project("{FAE04EC0-301F-11D3-BF4B-00C04F79EFBC}") = "IPCSoftware.Devices.Camera", "IPCSoftware.Devices.Camera\IPCSoftware.Devices.Camera.csproj", "{9548A096-EFCB-4135-B9EA-9415F4F7452E}"
EndProject
Project("{FAE04EC0-301F-11D3-BF4B-00C04F79EFBC}") = "IPCSoftware.Devices.PLC", "IPCSoftware.Devices.PLC\IPCSoftware.Devices.PLC.csproj", "{87404D12-8F91-4F14-9C73-058211D7AC7C}"
EndProject
Project("{FAE04EC0-301F-11D3-BF4B-00C04F79EFBC}") = "IPCSoftware.Engine", "IPCSoftware.Engine\IPCSoftware.Engine.csproj", "{E2331BB0-2072-4ED8-A614-A37768519174}"
EndProject
Project("{FAE04EC0-301F-11D3-BF4B-00C04F79EFBC}") = "IPCSoftware.Devices.UI", "IPCSoftware.Devices.UI\IPCSoftware.Devices.UI.csproj", "{8ED24F46-5384-41DD-B1FC-E039BF5EC3AE}"
EndProject
Project("{2150E333-8FDC-42A3-9474-1A3956D46DE8}") = "Service", "Service", "{02EA681E-C7D8-13C7-8484-4AC65E1B71E8}"
EndProject
Global
	GlobalSection(SolutionConfigurationPlatforms) = preSolution
		Debug|Any CPU = Debug|Any CPU
		Debug|x64 = Debug|x64
		Debug|x86 = Debug|x86
		Release|Any CPU = Release|Any CPU
		Release|x64 = Release|x64
		Release|x86 = Release|x86
	EndGlobalSection
	GlobalSection(ProjectConfigurationPlatforms) = postSolution
		{08DEEAC2-5392-4AC4-BF59-EA07BDAB6AC5}.Debug|Any CPU.ActiveCfg = Debug|Any CPU
		{08DEEAC2-5392-4AC4-BF59-EA07BDAB6AC5}.Debug|Any CPU.Build.0 = Debug|Any CPU
		{08DEEAC2-5392-4AC4-BF59-EA07BDAB6AC5}.Debug|x64.ActiveCfg = Debug|Any CPU
		{08DEEAC2-5392-4AC4-BF59-EA07BDAB6AC5}.Debug|x64.Build.0 = Debug|Any CPU
		{08DEEAC2-5392-4AC4-BF59-EA07BDAB6AC5}.Debug|x86.ActiveCfg = Debug|Any CPU
		{08DEEAC2-5392-4AC4-BF59-EA07BDAB6AC5}.Debug|x86.Build.0 = Debug|Any CPU
		{08DEEAC2-5392-4AC4-BF59-EA07BDAB6AC5}.Release|Any CPU.ActiveCfg = Release|Any CPU
		{08DEEAC2-5392-4AC4-BF59-EA07BDAB6AC5}.Release|Any CPU.Build.0 = Release|Any CPU
		{08DEEAC2-5392-4AC4-BF59-EA07BDAB6AC5}.Release|x64.ActiveCfg = Release|Any CPU
		{08DEEAC2-5392-4AC4-BF59-EA07BDAB6AC5}.Release|x64.Build.0 = Release|Any CPU
		{08DEEAC2-5392-4AC4-BF59-EA07BDAB6AC5}.Release|x86.ActiveCfg = Release|Any CPU
		{08DEEAC2-5392-4AC4-BF59-EA07BDAB6AC5}.Release|x86.Build.0 = Release|Any CPU
		{0A6697CB-4FFE-4D2D-83D2-85D7C5F5C1EB}.Debug|Any CPU.ActiveCfg = Debug|Any CPU
		{0A6697CB-4FFE-4D2D-83D2-85D7C5F5C1EB}.Debug|Any CPU.Build.0 = Debug|Any CPU
		{0A6697CB-4FFE-4D2D-83D2-85D7C5F5C1EB}.Debug|x64.ActiveCfg = Debug|Any CPU
		{0A6697CB-4FFE-4D2D-83D2-85D7C5F5C1EB}.Debug|x64.Build.0 = Debug|Any CPU
		{0A6697CB-4FFE-4D2D-83D2-85D7C5F5C1EB}.Debug|x86.ActiveCfg = Debug|Any CPU
		{0A6697CB-4FFE-4D2D-83D2-85D7C5F5C1EB}.Debug|x86.Build.0 = Debug|Any CPU
		{0A6697CB-4FFE-4D2D-83D2-85D7C5F5C1EB}.Release|Any CPU.ActiveCfg = Release|Any CPU
		{0A6697CB-4FFE-4D2D-83D2-85D7C5F5C1EB}.Release|Any CPU.Build.0 = Release|Any CPU
		{0A6697CB-4FFE-4D2D-83D2-85D7C5F5C1EB}.Release|x64.ActiveCfg = Release|Any CPU
		{0A6697CB-4FFE-4D2D-83D2-85D7C5F5C1EB}.Release|x64.Build.0 = Release|Any CPU
		{0A6697CB-4FFE-4D2D-83D2-85D7C5F5C1EB}.Release|x86.ActiveCfg = Release|Any CPU
		{0A6697CB-4FFE-4D2D-83D2-85D7C5F5C1EB}.Release|x86.Build.0 = Release|Any CPU
		{46A7E561-3558-40F6-AE68-F939B24954C5}.Debug|Any CPU.ActiveCfg = Debug|Any CPU
		{46A7E561-3558-40F6-AE68-F939B24954C5}.Debug|Any CPU.Build.0 = Debug|Any CPU
		{46A7E561-3558-40F6-AE68-F939B24954C5}.Debug|x64.ActiveCfg = Debug|Any CPU
		{46A7E561-3558-40F6-AE68-F939B24954C5}.Debug|x64.Build.0 = Debug|Any CPU
		{46A7E561-3558-40F6-AE68-F939B24954C5}.Debug|x86.ActiveCfg = Debug|Any CPU
		{46A7E561-3558-40F6-AE68-F939B24954C5}.Debug|x86.Build.0 = Debug|Any CPU
		{46A7E561-3558-40F6-AE68-F939B24954C5}.Release|Any CPU.ActiveCfg = Release|Any CPU
		{46A7E561-3558-40F6-AE68-F939B24954C5}.Release|Any CPU.Build.0 = Release|Any CPU
		{46A7E561-3558-40F6-AE68-F939B24954C5}.Release|x64.ActiveCfg = Release|Any CPU
		{46A7E561-3558-40F6-AE68-F939B24954C5}.Release|x64.Build.0 = Release|Any CPU
		{46A7E561-3558-40F6-AE68-F939B24954C5}.Release|x86.ActiveCfg = Release|Any CPU
		{46A7E561-3558-40F6-AE68-F939B24954C5}.Release|x86.Build.0 = Release|Any CPU
		{A4F1F277-BF18-4E3B-B6C0-5D3824C00F7F}.Debug|Any CPU.ActiveCfg = Debug|Any CPU
		{A4F1F277-BF18-4E3B-B6C0-5D3824C00F7F}.Debug|Any CPU.Build.0 = Debug|Any CPU
		{A4F1F277-BF18-4E3B-B6C0-5D3824C00F7F}.Debug|x64.ActiveCfg = Debug|Any CPU
		{A4F1F277-BF18-4E3B-B6C0-5D3824C00F7F}.Debug|x64.Build.0 = Debug|Any CPU
		{A4F1F277-BF18-4E3B-B6C0-5D3824C00F7F}.Debug|x86.ActiveCfg = Debug|Any CPU
		{A4F1F277-BF18-4E3B-B6C0-5D3824C00F7F}.Debug|x86.Build.0 = Debug|Any CPU
		{A4F1F277-BF18-4E3B-B6C0-5D3824C00F7F}.Release|Any CPU.ActiveCfg = Release|Any CPU
		{A4F1F277-BF18-4E3B-B6C0-5D3824C00F7F}.Release|Any CPU.Build.0 = Release|Any CPU
		{A4F1F277-BF18-4E3B-B6C0-5D3824C00F7F}.Release|x64.ActiveCfg = Release|Any CPU
		{A4F1F277-BF18-4E3B-B6C0-5D3824C00F7F}.Release|x64.Build.0 = Release|Any CPU
		{A4F1F277-BF18-4E3B-B6C0-5D3824C00F7F}.Release|x86.ActiveCfg = Release|Any CPU
		{A4F1F277-BF18-4E3B-B6C0-5D3824C00F7F}.Release|x86.Build.0 = Release|Any CPU
		{2F5A4955-4437-4F66-8F13-5AA3CAF37190}.Debug|Any CPU.ActiveCfg = Debug|Any CPU
		{2F5A4955-4437-4F66-8F13-5AA3CAF37190}.Debug|Any CPU.Build.0 = Debug|Any CPU
		{2F5A4955-4437-4F66-8F13-5AA3CAF37190}.Debug|x64.ActiveCfg = Debug|Any CPU
		{2F5A4955-4437-4F66-8F13-5AA3CAF37190}.Debug|x64.Build.0 = Debug|Any CPU
		{2F5A4955-4437-4F66-8F13-5AA3CAF37190}.Debug|x86.ActiveCfg = Debug|Any CPU
		{2F5A4955-4437-4F66-8F13-5AA3CAF37190}.Debug|x86.Build.0 = Debug|Any CPU
		{2F5A4955-4437-4F66-8F13-5AA3CAF37190}.Release|Any CPU.ActiveCfg = Release|Any CPU
		{2F5A4955-4437-4F66-8F13-5AA3CAF37190}.Release|Any CPU.Build.0 = Release|Any CPU
		{2F5A4955-4437-4F66-8F13-5AA3CAF37190}.Release|x64.ActiveCfg = Release|Any CPU
		{2F5A4955-4437-4F66-8F13-5AA3CAF37190}.Release|x64.Build.0 = Release|Any CPU
		{2F5A4955-4437-4F66-8F13-5AA3CAF37190}.Release|x86.ActiveCfg = Release|Any CPU
		{2F5A4955-4437-4F66-8F13-5AA3CAF37190}.Release|x86.Build.0 = Release|Any CPU
		{2971B56E-5800-44B4-9A68-BDF0CD17FD86}.Debug|Any CPU.ActiveCfg = Debug|Any CPU
		{2971B56E-5800-44B4-9A68-BDF0CD17FD86}.Debug|Any CPU.Build.0 = Debug|Any CPU
		{2971B56E-5800-44B4-9A68-BDF0CD17FD86}.Debug|x64.ActiveCfg = Debug|Any CPU
		{2971B56E-5800-44B4-9A68-BDF0CD17FD86}.Debug|x64.Build.0 = Debug|Any CPU
		{2971B56E-5800-44B4-9A68-BDF0CD17FD86}.Debug|x86.ActiveCfg = Debug|Any CPU
		{2971B56E-5800-44B4-9A68-BDF0CD17FD86}.Debug|x86.Build.0 = Debug|Any CPU
		{2971B56E-5800-44B4-9A68-BDF0CD17FD86}.Release|Any CPU.ActiveCfg = Release|Any CPU
		{2971B56E-5800-44B4-9A68-BDF0CD17FD86}.Release|Any CPU.Build.0 = Release|Any CPU
		{2971B56E-5800-44B4-9A68-BDF0CD17FD86}.Release|x64.ActiveCfg = Release|Any CPU
		{2971B56E-5800-44B4-9A68-BDF0CD17FD86}.Release|x64.Build.0 = Release|Any CPU
		{2971B56E-5800-44B4-9A68-BDF0CD17FD86}.Release|x86.ActiveCfg = Release|Any CPU
		{2971B56E-5800-44B4-9A68-BDF0CD17FD86}.Release|x86.Build.0 = Release|Any CPU
		{DECF8D79-CDE8-424C-B621-720173EF6329}.Debug|Any CPU.ActiveCfg = Debug|Any CPU
		{DECF8D79-CDE8-424C-B621-720173EF6329}.Debug|Any CPU.Build.0 = Debug|Any CPU
		{DECF8D79-CDE8-424C-B621-720173EF6329}.Debug|x64.ActiveCfg = Debug|Any CPU
		{DECF8D79-CDE8-424C-B621-720173EF6329}.Debug|x64.Build.0 = Debug|Any CPU
		{DECF8D79-CDE8-424C-B621-720173EF6329}.Debug|x86.ActiveCfg = Debug|Any CPU
		{DECF8D79-CDE8-424C-B621-720173EF6329}.Debug|x86.Build.0 = Debug|Any CPU
		{DECF8D79-CDE8-424C-B621-720173EF6329}.Release|Any CPU.ActiveCfg = Release|Any CPU
		{DECF8D79-CDE8-424C-B621-720173EF6329}.Release|Any CPU.Build.0 = Release|Any CPU
		{DECF8D79-CDE8-424C-B621-720173EF6329}.Release|x64.ActiveCfg = Release|Any CPU
		{DECF8D79-CDE8-424C-B621-720173EF6329}.Release|x64.Build.0 = Release|Any CPU
		{DECF8D79-CDE8-424C-B621-720173EF6329}.Release|x86.ActiveCfg = Release|Any CPU
		{DECF8D79-CDE8-424C-B621-720173EF6329}.Release|x86.Build.0 = Release|Any CPU
		{85B8BEFD-9F4E-4B69-84C1-F5F8EDF9578C}.Debug|Any CPU.ActiveCfg = Debug|Any CPU
		{85B8BEFD-9F4E-4B69-84C1-F5F8EDF9578C}.Debug|Any CPU.Build.0 = Debug|Any CPU
		{85B8BEFD-9F4E-4B69-84C1-F5F8EDF9578C}.Debug|x64.ActiveCfg = Debug|Any CPU
		{85B8BEFD-9F4E-4B69-84C1-F5F8EDF9578C}.Debug|x64.Build.0 = Debug|Any CPU
		{85B8BEFD-9F4E-4B69-84C1-F5F8EDF9578C}.Debug|x86.ActiveCfg = Debug|Any CPU
		{85B8BEFD-9F4E-4B69-84C1-F5F8EDF9578C}.Debug|x86.Build.0 = Debug|Any CPU
		{85B8BEFD-9F4E-4B69-84C1-F5F8EDF9578C}.Release|Any CPU.ActiveCfg = Release|Any CPU
		{85B8BEFD-9F4E-4B69-84C1-F5F8EDF9578C}.Release|Any CPU.Build.0 = Release|Any CPU
		{85B8BEFD-9F4E-4B69-84C1-F5F8EDF9578C}.Release|x64.ActiveCfg = Release|Any CPU
		{85B8BEFD-9F4E-4B69-84C1-F5F8EDF9578C}.Release|x64.Build.0 = Release|Any CPU
		{85B8BEFD-9F4E-4B69-84C1-F5F8EDF9578C}.Release|x86.ActiveCfg = Release|Any CPU
		{85B8BEFD-9F4E-4B69-84C1-F5F8EDF9578C}.Release|x86.Build.0 = Release|Any CPU
		{AB305254-0749-42CE-8CC3-0B881607761E}.Debug|Any CPU.ActiveCfg = Debug|Any CPU
		{AB305254-0749-42CE-8CC3-0B881607761E}.Debug|Any CPU.Build.0 = Debug|Any CPU
		{AB305254-0749-42CE-8CC3-0B881607761E}.Debug|x64.ActiveCfg = Debug|Any CPU
		{AB305254-0749-42CE-8CC3-0B881607761E}.Debug|x64.Build.0 = Debug|Any CPU
		{AB305254-0749-42CE-8CC3-0B881607761E}.Debug|x86.ActiveCfg = Debug|Any CPU
		{AB305254-0749-42CE-8CC3-0B881607761E}.Debug|x86.Build.0 = Debug|Any CPU
		{AB305254-0749-42CE-8CC3-0B881607761E}.Release|Any CPU.ActiveCfg = Release|Any CPU
		{AB305254-0749-42CE-8CC3-0B881607761E}.Release|Any CPU.Build.0 = Release|Any CPU
		{AB305254-0749-42CE-8CC3-0B881607761E}.Release|x64.ActiveCfg = Release|Any CPU
		{AB305254-0749-42CE-8CC3-0B881607761E}.Release|x64.Build.0 = Release|Any CPU
		{AB305254-0749-42CE-8CC3-0B881607761E}.Release|x86.ActiveCfg = Release|Any CPU
		{AB305254-0749-42CE-8CC3-0B881607761E}.Release|x86.Build.0 = Release|Any CPU
		{222960BB-AE3B-47D4-B360-A94C3CF27CDE}.Debug|Any CPU.ActiveCfg = Debug|Any CPU
		{222960BB-AE3B-47D4-B360-A94C3CF27CDE}.Debug|Any CPU.Build.0 = Debug|Any CPU
		{222960BB-AE3B-47D4-B360-A94C3CF27CDE}.Debug|x64.ActiveCfg = Debug|Any CPU
		{222960BB-AE3B-47D4-B360-A94C3CF27CDE}.Debug|x64.Build.0 = Debug|Any CPU
		{222960BB-AE3B-47D4-B360-A94C3CF27CDE}.Debug|x86.ActiveCfg = Debug|Any CPU
		{222960BB-AE3B-47D4-B360-A94C3CF27CDE}.Debug|x86.Build.0 = Debug|Any CPU
		{222960BB-AE3B-47D4-B360-A94C3CF27CDE}.Release|Any CPU.ActiveCfg = Release|Any CPU
		{222960BB-AE3B-47D4-B360-A94C3CF27CDE}.Release|Any CPU.Build.0 = Release|Any CPU
		{222960BB-AE3B-47D4-B360-A94C3CF27CDE}.Release|x64.ActiveCfg = Release|Any CPU
		{222960BB-AE3B-47D4-B360-A94C3CF27CDE}.Release|x64.Build.0 = Release|Any CPU
		{222960BB-AE3B-47D4-B360-A94C3CF27CDE}.Release|x86.ActiveCfg = Release|Any CPU
		{222960BB-AE3B-47D4-B360-A94C3CF27CDE}.Release|x86.Build.0 = Release|Any CPU
		{740738FF-93E2-4104-B3BF-B6413806001D}.Debug|Any CPU.ActiveCfg = Debug|Any CPU
		{740738FF-93E2-4104-B3BF-B6413806001D}.Debug|Any CPU.Build.0 = Debug|Any CPU
		{740738FF-93E2-4104-B3BF-B6413806001D}.Debug|x64.ActiveCfg = Debug|Any CPU
		{740738FF-93E2-4104-B3BF-B6413806001D}.Debug|x64.Build.0 = Debug|Any CPU
		{740738FF-93E2-4104-B3BF-B6413806001D}.Debug|x86.ActiveCfg = Debug|Any CPU
		{740738FF-93E2-4104-B3BF-B6413806001D}.Debug|x86.Build.0 = Debug|Any CPU
		{740738FF-93E2-4104-B3BF-B6413806001D}.Release|Any CPU.ActiveCfg = Release|Any CPU
		{740738FF-93E2-4104-B3BF-B6413806001D}.Release|Any CPU.Build.0 = Release|Any CPU
		{740738FF-93E2-4104-B3BF-B6413806001D}.Release|x64.ActiveCfg = Release|Any CPU
		{740738FF-93E2-4104-B3BF-B6413806001D}.Release|x64.Build.0 = Release|Any CPU
		{740738FF-93E2-4104-B3BF-B6413806001D}.Release|x86.ActiveCfg = Release|Any CPU
		{740738FF-93E2-4104-B3BF-B6413806001D}.Release|x86.Build.0 = Release|Any CPU
		{F24060FB-E9C7-4229-A7FD-B5EA58B413F3}.Debug|Any CPU.ActiveCfg = Debug|Any CPU
		{F24060FB-E9C7-4229-A7FD-B5EA58B413F3}.Debug|Any CPU.Build.0 = Debug|Any CPU
		{F24060FB-E9C7-4229-A7FD-B5EA58B413F3}.Debug|x64.ActiveCfg = Debug|Any CPU
		{F24060FB-E9C7-4229-A7FD-B5EA58B413F3}.Debug|x64.Build.0 = Debug|Any CPU
		{F24060FB-E9C7-4229-A7FD-B5EA58B413F3}.Debug|x86.ActiveCfg = Debug|Any CPU
		{F24060FB-E9C7-4229-A7FD-B5EA58B413F3}.Debug|x86.Build.0 = Debug|Any CPU
		{F24060FB-E9C7-4229-A7FD-B5EA58B413F3}.Release|Any CPU.ActiveCfg = Release|Any CPU
		{F24060FB-E9C7-4229-A7FD-B5EA58B413F3}.Release|Any CPU.Build.0 = Release|Any CPU
		{F24060FB-E9C7-4229-A7FD-B5EA58B413F3}.Release|x64.ActiveCfg = Release|Any CPU
		{F24060FB-E9C7-4229-A7FD-B5EA58B413F3}.Release|x64.Build.0 = Release|Any CPU
		{F24060FB-E9C7-4229-A7FD-B5EA58B413F3}.Release|x86.ActiveCfg = Release|Any CPU
		{F24060FB-E9C7-4229-A7FD-B5EA58B413F3}.Release|x86.Build.0 = Release|Any CPU
		{25DD4939-CEF5-486E-8544-392AFF4555D4}.Debug|Any CPU.ActiveCfg = Debug|Any CPU
		{25DD4939-CEF5-486E-8544-392AFF4555D4}.Debug|Any CPU.Build.0 = Debug|Any CPU
		{25DD4939-CEF5-486E-8544-392AFF4555D4}.Debug|x64.ActiveCfg = Debug|Any CPU
		{25DD4939-CEF5-486E-8544-392AFF4555D4}.Debug|x64.Build.0 = Debug|Any CPU
		{25DD4939-CEF5-486E-8544-392AFF4555D4}.Debug|x86.ActiveCfg = Debug|Any CPU
		{25DD4939-CEF5-486E-8544-392AFF4555D4}.Debug|x86.Build.0 = Debug|Any CPU
		{25DD4939-CEF5-486E-8544-392AFF4555D4}.Release|Any CPU.ActiveCfg = Release|Any CPU
		{25DD4939-CEF5-486E-8544-392AFF4555D4}.Release|Any CPU.Build.0 = Release|Any CPU
		{25DD4939-CEF5-486E-8544-392AFF4555D4}.Release|x64.ActiveCfg = Release|Any CPU
		{25DD4939-CEF5-486E-8544-392AFF4555D4}.Release|x64.Build.0 = Release|Any CPU
		{25DD4939-CEF5-486E-8544-392AFF4555D4}.Release|x86.ActiveCfg = Release|Any CPU
		{25DD4939-CEF5-486E-8544-392AFF4555D4}.Release|x86.Build.0 = Release|Any CPU
		{DF7DD76B-8AC1-4CFB-A484-F2858EEC3E99}.Debug|Any CPU.ActiveCfg = Debug|Any CPU
		{DF7DD76B-8AC1-4CFB-A484-F2858EEC3E99}.Debug|Any CPU.Build.0 = Debug|Any CPU
		{DF7DD76B-8AC1-4CFB-A484-F2858EEC3E99}.Debug|x64.ActiveCfg = Debug|Any CPU
		{DF7DD76B-8AC1-4CFB-A484-F2858EEC3E99}.Debug|x64.Build.0 = Debug|Any CPU
		{DF7DD76B-8AC1-4CFB-A484-F2858EEC3E99}.Debug|x86.ActiveCfg = Debug|Any CPU
		{DF7DD76B-8AC1-4CFB-A484-F2858EEC3E99}.Debug|x86.Build.0 = Debug|Any CPU
		{DF7DD76B-8AC1-4CFB-A484-F2858EEC3E99}.Release|Any CPU.ActiveCfg = Release|Any CPU
		{DF7DD76B-8AC1-4CFB-A484-F2858EEC3E99}.Release|Any CPU.Build.0 = Release|Any CPU
		{DF7DD76B-8AC1-4CFB-A484-F2858EEC3E99}.Release|x64.ActiveCfg = Release|Any CPU
		{DF7DD76B-8AC1-4CFB-A484-F2858EEC3E99}.Release|x64.Build.0 = Release|Any CPU
		{DF7DD76B-8AC1-4CFB-A484-F2858EEC3E99}.Release|x86.ActiveCfg = Release|Any CPU
		{DF7DD76B-8AC1-4CFB-A484-F2858EEC3E99}.Release|x86.Build.0 = Release|Any CPU
		{9548A096-EFCB-4135-B9EA-9415F4F7452E}.Debug|Any CPU.ActiveCfg = Debug|Any CPU
		{9548A096-EFCB-4135-B9EA-9415F4F7452E}.Debug|Any CPU.Build.0 = Debug|Any CPU
		{9548A096-EFCB-4135-B9EA-9415F4F7452E}.Debug|x64.ActiveCfg = Debug|Any CPU
		{9548A096-EFCB-4135-B9EA-9415F4F7452E}.Debug|x64.Build.0 = Debug|Any CPU
		{9548A096-EFCB-4135-B9EA-9415F4F7452E}.Debug|x86.ActiveCfg = Debug|Any CPU
		{9548A096-EFCB-4135-B9EA-9415F4F7452E}.Debug|x86.Build.0 = Debug|Any CPU
		{9548A096-EFCB-4135-B9EA-9415F4F7452E}.Release|Any CPU.ActiveCfg = Release|Any CPU
		{9548A096-EFCB-4135-B9EA-9415F4F7452E}.Release|Any CPU.Build.0 = Release|Any CPU
		{9548A096-EFCB-4135-B9EA-9415F4F7452E}.Release|x64.ActiveCfg = Release|Any CPU
		{9548A096-EFCB-4135-B9EA-9415F4F7452E}.Release|x64.Build.0 = Release|Any CPU
		{9548A096-EFCB-4135-B9EA-9415F4F7452E}.Release|x86.ActiveCfg = Release|Any CPU
		{9548A096-EFCB-4135-B9EA-9415F4F7452E}.Release|x86.Build.0 = Release|Any CPU
		{87404D12-8F91-4F14-9C73-058211D7AC7C}.Debug|Any CPU.ActiveCfg = Debug|Any CPU
		{87404D12-8F91-4F14-9C73-058211D7AC7C}.Debug|Any CPU.Build.0 = Debug|Any CPU
		{87404D12-8F91-4F14-9C73-058211D7AC7C}.Debug|x64.ActiveCfg = Debug|Any CPU
		{87404D12-8F91-4F14-9C73-058211D7AC7C}.Debug|x64.Build.0 = Debug|Any CPU
		{87404D12-8F91-4F14-9C73-058211D7AC7C}.Debug|x86.ActiveCfg = Debug|Any CPU
		{87404D12-8F91-4F14-9C73-058211D7AC7C}.Debug|x86.Build.0 = Debug|Any CPU
		{87404D12-8F91-4F14-9C73-058211D7AC7C}.Release|Any CPU.ActiveCfg = Release|Any CPU
		{87404D12-8F91-4F14-9C73-058211D7AC7C}.Release|Any CPU.Build.0 = Release|Any CPU
		{87404D12-8F91-4F14-9C73-058211D7AC7C}.Release|x64.ActiveCfg = Release|Any CPU
		{87404D12-8F91-4F14-9C73-058211D7AC7C}.Release|x64.Build.0 = Release|Any CPU
		{87404D12-8F91-4F14-9C73-058211D7AC7C}.Release|x86.ActiveCfg = Release|Any CPU
		{87404D12-8F91-4F14-9C73-058211D7AC7C}.Release|x86.Build.0 = Release|Any CPU
		{E2331BB0-2072-4ED8-A614-A37768519174}.Debug|Any CPU.ActiveCfg = Debug|Any CPU
		{E2331BB0-2072-4ED8-A614-A37768519174}.Debug|Any CPU.Build.0 = Debug|Any CPU
		{E2331BB0-2072-4ED8-A614-A37768519174}.Debug|x64.ActiveCfg = Debug|Any CPU
		{E2331BB0-2072-4ED8-A614-A37768519174}.Debug|x64.Build.0 = Debug|Any CPU
		{E2331BB0-2072-4ED8-A614-A37768519174}.Debug|x86.ActiveCfg = Debug|Any CPU
		{E2331BB0-2072-4ED8-A614-A37768519174}.Debug|x86.Build.0 = Debug|Any CPU
		{E2331BB0-2072-4ED8-A614-A37768519174}.Release|Any CPU.ActiveCfg = Release|Any CPU
		{E2331BB0-2072-4ED8-A614-A37768519174}.Release|Any CPU.Build.0 = Release|Any CPU
		{E2331BB0-2072-4ED8-A614-A37768519174}.Release|x64.ActiveCfg = Release|Any CPU
		{E2331BB0-2072-4ED8-A614-A37768519174}.Release|x64.Build.0 = Release|Any CPU
		{E2331BB0-2072-4ED8-A614-A37768519174}.Release|x86.ActiveCfg = Release|Any CPU
		{E2331BB0-2072-4ED8-A614-A37768519174}.Release|x86.Build.0 = Release|Any CPU
		{8ED24F46-5384-41DD-B1FC-E039BF5EC3AE}.Debug|Any CPU.ActiveCfg = Debug|Any CPU
		{8ED24F46-5384-41DD-B1FC-E039BF5EC3AE}.Debug|Any CPU.Build.0 = Debug|Any CPU
		{8ED24F46-5384-41DD-B1FC-E039BF5EC3AE}.Debug|x64.ActiveCfg = Debug|Any CPU
		{8ED24F46-5384-41DD-B1FC-E039BF5EC3AE}.Debug|x64.Build.0 = Debug|Any CPU
		{8ED24F46-5384-41DD-B1FC-E039BF5EC3AE}.Debug|x86.ActiveCfg = Debug|Any CPU
		{8ED24F46-5384-41DD-B1FC-E039BF5EC3AE}.Debug|x86.Build.0 = Debug|Any CPU
		{8ED24F46-5384-41DD-B1FC-E039BF5EC3AE}.Release|Any CPU.ActiveCfg = Release|Any CPU
		{8ED24F46-5384-41DD-B1FC-E039BF5EC3AE}.Release|Any CPU.Build.0 = Release|Any CPU
		{8ED24F46-5384-41DD-B1FC-E039BF5EC3AE}.Release|x64.ActiveCfg = Release|Any CPU
		{8ED24F46-5384-41DD-B1FC-E039BF5EC3AE}.Release|x64.Build.0 = Release|Any CPU
		{8ED24F46-5384-41DD-B1FC-E039BF5EC3AE}.Release|x86.ActiveCfg = Release|Any CPU
		{8ED24F46-5384-41DD-B1FC-E039BF5EC3AE}.Release|x86.Build.0 = Release|Any CPU
	EndGlobalSection
	GlobalSection(SolutionProperties) = preSolution
		HideSolutionNode = FALSE
	EndGlobalSection
	GlobalSection(NestedProjects) = preSolution
		{A4F1F277-BF18-4E3B-B6C0-5D3824C00F7F} = {02EA681E-C7D8-13C7-8484-4AC65E1B71E8}
		{25DD4939-CEF5-486E-8544-392AFF4555D4} = {02EA681E-C7D8-13C7-8484-4AC65E1B71E8}
		{DF7DD76B-8AC1-4CFB-A484-F2858EEC3E99} = {02EA681E-C7D8-13C7-8484-4AC65E1B71E8}
		{9548A096-EFCB-4135-B9EA-9415F4F7452E} = {02EA681E-C7D8-13C7-8484-4AC65E1B71E8}
		{87404D12-8F91-4F14-9C73-058211D7AC7C} = {02EA681E-C7D8-13C7-8484-4AC65E1B71E8}
		{E2331BB0-2072-4ED8-A614-A37768519174} = {02EA681E-C7D8-13C7-8484-4AC65E1B71E8}
		{8ED24F46-5384-41DD-B1FC-E039BF5EC3AE} = {02EA681E-C7D8-13C7-8484-4AC65E1B71E8}
	EndGlobalSection
	GlobalSection(ExtensibilityGlobals) = postSolution
		SolutionGuid = {C9E977CD-E38D-4E3B-9F4C-9216AA56F0DE}
	EndGlobalSection
EndGlobal
